{
  "name": "fng-ui-date",
  "version": "0.12.0-beta.38",
  "lockfileVersion": 1,
  "requires": true,
  "dependencies": {
    "angular-ui-date": {
      "version": "git://github.com/angular-ui/ui-date.git#bf9cedfe54a61a05270606a94ac9044efb6bdeec",
      "from": "git://github.com/angular-ui/ui-date.git#bf9cedfe54a61a05270606a94ac9044efb6bdeec"
    },
    "jquery": {
      "version": "3.4.1",
      "resolved": "https://registry.npmjs.org/jquery/-/jquery-3.4.1.tgz",
      "integrity": "sha512-36+AdBzCL+y6qjw5Tx7HgzeGCzC81MDDgaUP8ld2zhx58HdqXGoBd+tHdrBMiyjGQs0Hxs/MLZTu/eHNJJuWPw=="
    },
    "jquery-ui": {
      "version": "1.12.1",
      "resolved": "https://registry.npmjs.org/jquery-ui/-/jquery-ui-1.12.1.tgz",
      "integrity": "sha1-vLQEXI3QU5wTS8FIjN0+dop6nlE="
    }
  }
}
